
Microsoft Visual Studio Solution File, Format Version 12.00
# Visual Studio Version 17
VisualStudioVersion = 17.0.32112.339
MinimumVisualStudioVersion = 10.0.40219.1
Project("{FAE04EC0-301F-11D3-BF4B-00C04F79EFBC}") = "medical_portal", "medical_portal\medical_portal.csproj", "{D602AA42-8725-4B3F-A655-91DE4AA945BF}"
EndProject
Global
	GlobalSection(SolutionConfigurationPlatforms) = preSolution
		Debug|Any CPU = Debug|Any CPU
		Release|Any CPU = Release|Any CPU
	EndGlobalSection
	GlobalSection(ProjectConfigurationPlatforms) = postSolution
		{D602AA42-8725-4B3F-A655-91DE4AA945BF}.Debug|Any CPU.ActiveCfg = Debug|Any CPU
		{D602AA42-8725-4B3F-A655-91DE4AA945BF}.Debug|Any CPU.Build.0 = Debug|Any CPU
		{D602AA42-8725-4B3F-A655-91DE4AA945BF}.Release|Any CPU.ActiveCfg = Release|Any CPU
		{D602AA42-8725-4B3F-A655-91DE4AA945BF}.Release|Any CPU.Build.0 = Release|Any CPU
	EndGlobalSection
	GlobalSection(SolutionProperties) = preSolution
		HideSolutionNode = FALSE
	EndGlobalSection
	GlobalSection(ExtensibilityGlobals) = postSolution
		SolutionGuid = {0BFEB4A4-D1D3-4F9B-AF04-D655DD2C7263}
	EndGlobalSection
EndGlobal
